Microsoft Visual Studio Solution File, Format Version 11.00
# Visual Studio 2010
Project("{FAE04EC0-301F-11D3-BF4B-00C04F79EFBC}") = "LinearGauge_Silverlight", "LinearGauge_Silverlight\LinearGauge_Silverlight.csproj", "{5F5FDC43-64B0-4253-A84F-A6EAADD8C8FE}"
EndProject
Project("{FAE04EC0-301F-11D3-BF4B-00C04F79EFBC}") = "LinearGauge_Silverlight.Web", "LinearGauge_Silverlight.Web\LinearGauge_Silverlight.Web.csproj", "{1D2BAFC2-C618-4FDA-9C39-0C03337FFD28}"
EndProject
Global
	GlobalSection(SolutionConfigurationPlatforms) = preSolution
		Debug|Any CPU = Debug|Any CPU
		Release|Any CPU = Release|Any CPU
	EndGlobalSection
	GlobalSection(ProjectConfigurationPlatforms) = postSolution
		{5F5FDC43-64B0-4253-A84F-A6EAADD8C8FE}.Debug|Any CPU.ActiveCfg = Debug|Any CPU
		{5F5FDC43-64B0-4253-A84F-A6EAADD8C8FE}.Debug|Any CPU.Build.0 = Debug|Any CPU
		{5F5FDC43-64B0-4253-A84F-A6EAADD8C8FE}.Release|Any CPU.ActiveCfg = Release|Any CPU
		{5F5FDC43-64B0-4253-A84F-A6EAADD8C8FE}.Release|Any CPU.Build.0 = Release|Any CPU
		{1D2BAFC2-C618-4FDA-9C39-0C03337FFD28}.Debug|Any CPU.ActiveCfg = Debug|Any CPU
		{1D2BAFC2-C618-4FDA-9C39-0C03337FFD28}.Debug|Any CPU.Build.0 = Debug|Any CPU
		{1D2BAFC2-C618-4FDA-9C39-0C03337FFD28}.Release|Any CPU.ActiveCfg = Release|Any CPU
		{1D2BAFC2-C618-4FDA-9C39-0C03337FFD28}.Release|Any CPU.Build.0 = Release|Any CPU
	EndGlobalSection
	GlobalSection(SolutionProperties) = preSolution
		HideSolutionNode = FALSE
	EndGlobalSection
EndGlobal
